
Microsoft Visual Studio Solution File, Format Version 12.00
# Visual Studio Version 16
VisualStudioVersion = 16.0.30717.126
MinimumVisualStudioVersion = 10.0.40219.1
Project("{FAE04EC0-301F-11D3-BF4B-00C04F79EFBC}") = "SimplyHireWeb", "SimplyHireWeb\SimplyHireWeb.csproj", "{9078092D-5C25-4BBB-8AA2-E27175DDBA99}"
EndProject
Global
	GlobalSection(SolutionConfigurationPlatforms) = preSolution
		Debug|Any CPU = Debug|Any CPU
		Release|Any CPU = Release|Any CPU
	EndGlobalSection
	GlobalSection(ProjectConfigurationPlatforms) = postSolution
		{9078092D-5C25-4BBB-8AA2-E27175DDBA99}.Debug|Any CPU.ActiveCfg = Debug|Any CPU
		{9078092D-5C25-4BBB-8AA2-E27175DDBA99}.Debug|Any CPU.Build.0 = Debug|Any CPU
		{9078092D-5C25-4BBB-8AA2-E27175DDBA99}.Release|Any CPU.ActiveCfg = Release|Any CPU
		{9078092D-5C25-4BBB-8AA2-E27175DDBA99}.Release|Any CPU.Build.0 = Release|Any CPU
	EndGlobalSection
	GlobalSection(SolutionProperties) = preSolution
		HideSolutionNode = FALSE
	EndGlobalSection
	GlobalSection(ExtensibilityGlobals) = postSolution
		SolutionGuid = {17B77A4F-B009-453B-A60E-361E134BB898}
	EndGlobalSection
EndGlobal
